<?xml version="1.0" encoding="utf-8"?>
<Project ToolsVersion="4.0" xmlns="http://schemas.microsoft.com/developer/msbuild/2003">
  <ItemGroup>
    <Filter Include="Source Files">
      <UniqueIdentifier>{4FC737F1-C7A5-4376-A066-2A32D752A2FF}</UniqueIdentifier>
      <Extensions>cpp;c;cc;cxx;def;odl;idl;hpj;bat;asm;asmx</Extensions>
    </Filter>
    <Filter Include="Header Files">
      <UniqueIdentifier>{93995380-89BD-4b04-88EB-625FBE52EBFB}</UniqueIdentifier>
      <Extensions>h;hh;hpp;hxx;hm;inl;inc;xsd</Extensions>
    </Filter>
    <Filter Include="Resource Files">
      <UniqueIdentifier>{67DA6AB6-F800-4c08-8B7A-83BB121AAD01}</UniqueIdentifier>
      <Extensions>rc;ico;cur;bmp;dlg;rc2;rct;bin;rgs;gif;jpg;jpeg;jpe;resx;tiff;tif;png;wav;mfcribbon-ms</Extensions>
    </Filter>
    <Filter Include="CubeMan">
      <UniqueIdentifier>{f40b1bfb-1c15-48d3-80a6-f39501dfc017}</UniqueIdentifier>
    </Filter>
  </ItemGroup>
  <ItemGroup>
    <Text Include="ReadMe.txt" />
  </ItemGroup>
  <ItemGroup>
    <ClInclude Include="stdafx.h">
      <Filter>Header Files</Filter>
    </ClInclude>
    <ClInclude Include="targetver.h">
      <Filter>Header Files</Filter>
    </ClInclude>
    <ClInclude Include="Resource.h">
      <Filter>Header Files</Filter>
    </ClInclude>
    <ClInclude Include="DX3d.h">
      <Filter>Header Files</Filter>
    </ClInclude>
    <ClInclude Include="cMainGame.h">
      <Filter>Header Files</Filter>
    </ClInclude>
    <ClInclude Include="cDeviceManager.h">
      <Filter>Header Files</Filter>
    </ClInclude>
    <ClInclude Include="cCubePC.h">
      <Filter>Header Files</Filter>
    </ClInclude>
    <ClInclude Include="cCamera.h">
      <Filter>Header Files</Filter>
    </ClInclude>
    <ClInclude Include="cGrid.h">
      <Filter>Header Files</Filter>
    </ClInclude>
    <ClInclude Include="cPyramid.h">
      <Filter>Header Files</Filter>
    </ClInclude>
    <ClInclude Include="cCharacter.h">
      <Filter>Header Files</Filter>
    </ClInclude>
    <ClInclude Include="cCubePNT.h">
      <Filter>Header Files</Filter>
    </ClInclude>
    <ClInclude Include="cHead.h">
      <Filter>CubeMan</Filter>
    </ClInclude>
    <ClInclude Include="cLeftArm.h">
      <Filter>CubeMan</Filter>
    </ClInclude>
    <ClInclude Include="cLeftLeg.h">
      <Filter>CubeMan</Filter>
    </ClInclude>
    <ClInclude Include="cRightArm.h">
      <Filter>CubeMan</Filter>
    </ClInclude>
    <ClInclude Include="cRightLeg.h">
      <Filter>CubeMan</Filter>
    </ClInclude>
    <ClInclude Include="cBody.h">
      <Filter>CubeMan</Filter>
    </ClInclude>
    <ClInclude Include="cCharacterSam.h">
      <Filter>CubeMan</Filter>
    </ClInclude>
    <ClInclude Include="cCubeNode.h">
      <Filter>CubeMan</Filter>
    </ClInclude>
    <ClInclude Include="cCubeMan.h">
      <Filter>CubeMan</Filter>
    </ClInclude>
  </ItemGroup>
  <ItemGroup>
    <ClCompile Include="stdafx.cpp">
      <Filter>Source Files</Filter>
    </ClCompile>
    <ClCompile Include="DX3d.cpp">
      <Filter>Source Files</Filter>
    </ClCompile>
    <ClCompile Include="cMainGame.cpp">
      <Filter>Source Files</Filter>
    </ClCompile>
    <ClCompile Include="cDeviceManager.cpp">
      <Filter>Source Files</Filter>
    </ClCompile>
    <ClCompile Include="cCubePC.cpp">
      <Filter>Source Files</Filter>
    </ClCompile>
    <ClCompile Include="cCamera.cpp">
      <Filter>Source Files</Filter>
    </ClCompile>
    <ClCompile Include="cGrid.cpp">
      <Filter>Source Files</Filter>
    </ClCompile>
    <ClCompile Include="cPyramid.cpp">
      <Filter>Source Files</Filter>
    </ClCompile>
    <ClCompile Include="cCharacter.cpp">
      <Filter>Source Files</Filter>
    </ClCompile>
    <ClCompile Include="cCubePNT.cpp">
      <Filter>Source Files</Filter>
    </ClCompile>
    <ClCompile Include="cRightLeg.cpp">
      <Filter>CubeMan</Filter>
    </ClCompile>
    <ClCompile Include="cRightArm.cpp">
      <Filter>CubeMan</Filter>
    </ClCompile>
    <ClCompile Include="cLeftLeg.cpp">
      <Filter>CubeMan</Filter>
    </ClCompile>
    <ClCompile Include="cLeftArm.cpp">
      <Filter>CubeMan</Filter>
    </ClCompile>
    <ClCompile Include="cHead.cpp">
      <Filter>CubeMan</Filter>
    </ClCompile>
    <ClCompile Include="cBody.cpp">
      <Filter>CubeMan</Filter>
    </ClCompile>
    <ClCompile Include="cCharacterSam.cpp">
      <Filter>CubeMan</Filter>
    </ClCompile>
    <ClCompile Include="cCubeNode.cpp">
      <Filter>CubeMan</Filter>
    </ClCompile>
    <ClCompile Include="cCubeMan.cpp">
      <Filter>CubeMan</Filter>
    </ClCompile>
  </ItemGroup>
  <ItemGroup>
    <ResourceCompile Include="DX3d.rc">
      <Filter>Resource Files</Filter>
    </ResourceCompile>
  </ItemGroup>
  <ItemGroup>
    <Image Include="small.ico">
      <Filter>Resource Files</Filter>
    </Image>
    <Image Include="DX3d.ico">
      <Filter>Resource Files</Filter>
    </Image>
  </ItemGroup>
</Project>