<?xml version="1.0" encoding="utf-8"?>
<Project ToolsVersion="4.0" xmlns="http://schemas.microsoft.com/developer/msbuild/2003">
  <ItemGroup>
    <Filter Include="리소스 파일">
      <UniqueIdentifier>{67DA6AB6-F800-4c08-8B7A-83BB121AAD01}</UniqueIdentifier>
      <Extensions>rc;ico;cur;bmp;dlg;rc2;rct;bin;rgs;gif;jpg;jpeg;jpe;resx;tiff;tif;png;wav;mfcribbon-ms</Extensions>
    </Filter>
    <Filter Include="6. 파일 로더">
      <UniqueIdentifier>{c388c324-286f-4f87-b584-f4e7e91a2507}</UniqueIdentifier>
    </Filter>
    <Filter Include="1. 메인 클래스">
      <UniqueIdentifier>{5c37ddb7-6c69-4e73-9563-60049cd006e8}</UniqueIdentifier>
    </Filter>
    <Filter Include="2. 기본 클래스">
      <UniqueIdentifier>{927e70b1-6aca-493b-a53d-1fd1fb785a68}</UniqueIdentifier>
    </Filter>
    <Filter Include="3. 매니져 클래스">
      <UniqueIdentifier>{57dcce3a-ca88-408c-b539-b4ffff54d2fe}</UniqueIdentifier>
    </Filter>
    <Filter Include="5. 오브젝트 클래스">
      <UniqueIdentifier>{33a4ccea-d50d-4016-99bd-5c294654fab9}</UniqueIdentifier>
    </Filter>
    <Filter Include="4. 맵 클래스">
      <UniqueIdentifier>{68bfa50b-3515-42fe-83c2-a057163f62c6}</UniqueIdentifier>
    </Filter>
  </ItemGroup>
  <ItemGroup>
    <Text Include="ReadMe.txt" />
  </ItemGroup>
  <ItemGroup>
    <ClInclude Include="cMainGame.h">
      <Filter>1. 메인 클래스</Filter>
    </ClInclude>
    <ClInclude Include="D3DX.h">
      <Filter>1. 메인 클래스</Filter>
    </ClInclude>
    <ClInclude Include="Resource.h">
      <Filter>1. 메인 클래스</Filter>
    </ClInclude>
    <ClInclude Include="stdafx.h">
      <Filter>1. 메인 클래스</Filter>
    </ClInclude>
    <ClInclude Include="targetver.h">
      <Filter>1. 메인 클래스</Filter>
    </ClInclude>
    <ClInclude Include="D3DUtility.h">
      <Filter>3. 매니져 클래스</Filter>
    </ClInclude>
    <ClInclude Include="cCamera.h">
      <Filter>2. 기본 클래스</Filter>
    </ClInclude>
    <ClInclude Include="cGrid.h">
      <Filter>4. 맵 클래스</Filter>
    </ClInclude>
    <ClInclude Include="cPyramid.h">
      <Filter>4. 맵 클래스</Filter>
    </ClInclude>
    <ClInclude Include="cDeviceManager.h">
      <Filter>3. 매니져 클래스</Filter>
    </ClInclude>
    <ClInclude Include="cTextureManager.h">
      <Filter>3. 매니져 클래스</Filter>
    </ClInclude>
    <ClInclude Include="cObject.h">
      <Filter>2. 기본 클래스</Filter>
    </ClInclude>
    <ClInclude Include="cTimeManager.h">
      <Filter>3. 매니져 클래스</Filter>
    </ClInclude>
    <ClInclude Include="cAutoReleasePool.h">
      <Filter>3. 매니져 클래스</Filter>
    </ClInclude>
    <ClInclude Include="cGameObject.h">
      <Filter>5. 오브젝트 클래스</Filter>
    </ClInclude>
    <ClInclude Include="cCube.h">
      <Filter>5. 오브젝트 클래스</Filter>
    </ClInclude>
    <ClInclude Include="cWall.h">
      <Filter>4. 맵 클래스</Filter>
    </ClInclude>
    <ClInclude Include="cObjLoader.h">
      <Filter>6. 파일 로더</Filter>
    </ClInclude>
    <ClInclude Include="cMaterialManager.h">
      <Filter>3. 매니져 클래스</Filter>
    </ClInclude>
    <ClInclude Include="cAseLoader.h">
      <Filter>6. 파일 로더</Filter>
    </ClInclude>
    <ClInclude Include="Asciitok.h">
      <Filter>6. 파일 로더</Filter>
    </ClInclude>
    <ClInclude Include="iMap.h">
      <Filter>4. 맵 클래스</Filter>
    </ClInclude>
    <ClInclude Include="cGeometry.h">
      <Filter>2. 기본 클래스</Filter>
    </ClInclude>
    <ClInclude Include="cMtrlTex.h">
      <Filter>2. 기본 클래스</Filter>
    </ClInclude>
    <ClInclude Include="cObjectManager.h">
      <Filter>3. 매니져 클래스</Filter>
    </ClInclude>
    <ClInclude Include="cObjMap.h">
      <Filter>5. 오브젝트 클래스</Filter>
    </ClInclude>
    <ClInclude Include="cHSMyCharacter.h" />
    <ClInclude Include="cCharacterController.h">
      <Filter>4. 맵 클래스</Filter>
    </ClInclude>
  </ItemGroup>
  <ItemGroup>
    <ClCompile Include="cMainGame.cpp">
      <Filter>1. 메인 클래스</Filter>
    </ClCompile>
    <ClCompile Include="stdafx.cpp">
      <Filter>1. 메인 클래스</Filter>
    </ClCompile>
    <ClCompile Include="D3DX.cpp">
      <Filter>1. 메인 클래스</Filter>
    </ClCompile>
    <ClCompile Include="D3DUtility.cpp">
      <Filter>3. 매니져 클래스</Filter>
    </ClCompile>
    <ClCompile Include="cCamera.cpp">
      <Filter>2. 기본 클래스</Filter>
    </ClCompile>
    <ClCompile Include="cGrid.cpp">
      <Filter>4. 맵 클래스</Filter>
    </ClCompile>
    <ClCompile Include="cPyramid.cpp">
      <Filter>4. 맵 클래스</Filter>
    </ClCompile>
    <ClCompile Include="cTextureManager.cpp">
      <Filter>3. 매니져 클래스</Filter>
    </ClCompile>
    <ClCompile Include="cDeviceManager.cpp">
      <Filter>3. 매니져 클래스</Filter>
    </ClCompile>
    <ClCompile Include="cObject.cpp">
      <Filter>2. 기본 클래스</Filter>
    </ClCompile>
    <ClCompile Include="cTimeManager.cpp">
      <Filter>3. 매니져 클래스</Filter>
    </ClCompile>
    <ClCompile Include="cAutoReleasePool.cpp">
      <Filter>3. 매니져 클래스</Filter>
    </ClCompile>
    <ClCompile Include="cGameObject.cpp">
      <Filter>5. 오브젝트 클래스</Filter>
    </ClCompile>
    <ClCompile Include="cCube.cpp">
      <Filter>5. 오브젝트 클래스</Filter>
    </ClCompile>
    <ClCompile Include="cWall.cpp">
      <Filter>4. 맵 클래스</Filter>
    </ClCompile>
    <ClCompile Include="cObjLoader.cpp">
      <Filter>6. 파일 로더</Filter>
    </ClCompile>
    <ClCompile Include="cMaterialManager.cpp">
      <Filter>3. 매니져 클래스</Filter>
    </ClCompile>
    <ClCompile Include="cAseLoader.cpp">
      <Filter>6. 파일 로더</Filter>
    </ClCompile>
    <ClCompile Include="cGeometry.cpp">
      <Filter>2. 기본 클래스</Filter>
    </ClCompile>
    <ClCompile Include="cMtrlTex.cpp">
      <Filter>2. 기본 클래스</Filter>
    </ClCompile>
    <ClCompile Include="cObjectManager.cpp">
      <Filter>3. 매니져 클래스</Filter>
    </ClCompile>
    <ClCompile Include="cObjMap.cpp">
      <Filter>5. 오브젝트 클래스</Filter>
    </ClCompile>
    <ClCompile Include="cHSMyCharacter.cpp" />
    <ClCompile Include="cCharacterController.cpp">
      <Filter>4. 맵 클래스</Filter>
    </ClCompile>
  </ItemGroup>
  <ItemGroup>
    <ResourceCompile Include="20170118_D3DX_00.rc">
      <Filter>리소스 파일</Filter>
    </ResourceCompile>
  </ItemGroup>
  <ItemGroup>
    <Image Include="small.ico">
      <Filter>리소스 파일</Filter>
    </Image>
    <Image Include="20170118_D3DX_00.ico">
      <Filter>리소스 파일</Filter>
    </Image>
  </ItemGroup>
</Project>